// !$*UTF8*$!
{
	archiveVersion = 1;
	classes = {
	};
	objectVersion = 77;
	objects = {

/* Begin PBXContainerItemProxy section */
		5B5FD8872CFF023700931633 /* PBXContainerItemProxy */ = {
			isa = PBXContainerItemProxy;
			containerPortal = 5B5FD8682CFF023400931633 /* Project object */;
			proxyType = 1;
			remoteGlobalIDString = 5B5FD86F2CFF023400931633;
			remoteInfo = MetalBitonic;
		};
		5B5FD8912CFF023700931633 /* PBXContainerItemProxy */ = {
			isa = PBXContainerItemProxy;
			containerPortal = 5B5FD8682CFF023400931633 /* Project object */;
			proxyType = 1;
			remoteGlobalIDString = 5B5FD86F2CFF023400931633;
			remoteInfo = MetalBitonic;
		};
/* End PBXContainerItemProxy section */

/* Begin PBXFileReference section */
		5B5FD8702CFF023400931633 /* MetalBitonic.app */ = {isa = PBXFileReference; explicitFileType = wrapper.application; includeInIndex = 0; path = MetalBitonic.app; sourceTree = BUILT_PRODUCTS_DIR; };
		5B5FD8862CFF023700931633 /* MetalBitonicTests.xctest */ = {isa = PBXFileReference; explicitFileType = wrapper.cfbundle; includeInIndex = 0; path = MetalBitonicTests.xctest; sourceTree = BUILT_PRODUCTS_DIR; };
		5B5FD8902CFF023700931633 /* MetalBitonicUITests.xctest */ = {isa = PBXFileReference; explicitFileType = wrapper.cfbundle; includeInIndex = 0; path = MetalBitonicUITests.xctest; sourceTree = BUILT_PRODUCTS_DIR; };
/* End PBXFileReference section */

/* Begin PBXFileSystemSynchronizedBuildFileExceptionSet section */
		5B5FD8982CFF023700931633 /* Exceptions for "MetalBitonic" folder in "MetalBitonic" target */ = {
			isa = PBXFileSystemSynchronizedBuildFileExceptionSet;
			membershipExceptions = (
				Info.plist,
			);
			target = 5B5FD86F2CFF023400931633 /* MetalBitonic */;
		};
/* End PBXFileSystemSynchronizedBuildFileExceptionSet section */

/* Begin PBXFileSystemSynchronizedRootGroup section */
		5B5FD8722CFF023400931633 /* MetalBitonic */ = {
			isa = PBXFileSystemSynchronizedRootGroup;
			exceptions = (
				5B5FD8982CFF023700931633 /* Exceptions for "MetalBitonic" folder in "MetalBitonic" target */,
			);
			path = MetalBitonic;
			sourceTree = "<group>";
		};
		5B5FD8892CFF023700931633 /* MetalBitonicTests */ = {
			isa = PBXFileSystemSynchronizedRootGroup;
			path = MetalBitonicTests;
			sourceTree = "<group>";
		};
		5B5FD8932CFF023700931633 /* MetalBitonicUITests */ = {
			isa = PBXFileSystemSynchronizedRootGroup;
			path = MetalBitonicUITests;
			sourceTree = "<group>";
		};
/* End PBXFileSystemSynchronizedRootGroup section */

/* Begin PBXFrameworksBuildPhase section */
		5B5FD86D2CFF023400931633 /* Frameworks */ = {
			isa = PBXFrameworksBuildPhase;
			buildActionMask = 2147483647;
			files = (
			);
			runOnlyForDeploymentPostprocessing = 0;
		};
		5B5FD8832CFF023700931633 /* Frameworks */ = {
			isa = PBXFrameworksBuildPhase;
			buildActionMask = 2147483647;
			files = (
			);
			runOnlyForDeploymentPostprocessing = 0;
		};
		5B5FD88D2CFF023700931633 /* Frameworks */ = {
			isa = PBXFrameworksBuildPhase;
			buildActionMask = 2147483647;
			files = (
			);
			runOnlyForDeploymentPostprocessing = 0;
		};
/* End PBXFrameworksBuildPhase section */

/* Begin PBXGroup section */
		5B5FD8672CFF023400931633 = {
			isa = PBXGroup;
			children = (
				5B5FD8722CFF023400931633 /* MetalBitonic */,
				5B5FD8892CFF023700931633 /* MetalBitonicTests */,
				5B5FD8932CFF023700931633 /* MetalBitonicUITests */,
				5B5FD8712CFF023400931633 /* Products */,
			);
			sourceTree = "<group>";
		};
		5B5FD8712CFF023400931633 /* Products */ = {
			isa = PBXGroup;
			children = (
				5B5FD8702CFF023400931633 /* MetalBitonic.app */,
				5B5FD8862CFF023700931633 /* MetalBitonicTests.xctest */,
				5B5FD8902CFF023700931633 /* MetalBitonicUITests.xctest */,
			);
			name = Products;
			sourceTree = "<group>";
		};
/* End PBXGroup section */

/* Begin PBXNativeTarget section */
		5B5FD86F2CFF023400931633 /* MetalBitonic */ = {
			isa = PBXNativeTarget;
			buildConfigurationList = 5B5FD8992CFF023700931633 /* Build configuration list for PBXNativeTarget "MetalBitonic" */;
			buildPhases = (
				5B5FD86C2CFF023400931633 /* Sources */,
				5B5FD86D2CFF023400931633 /* Frameworks */,
				5B5FD86E2CFF023400931633 /* Resources */,
			);
			buildRules = (
			);
			dependencies = (
			);
			fileSystemSynchronizedGroups = (
				5B5FD8722CFF023400931633 /* MetalBitonic */,
			);
			name = MetalBitonic;
			packageProductDependencies = (
			);
			productName = MetalBitonic;
			productReference = 5B5FD8702CFF023400931633 /* MetalBitonic.app */;
			productType = "com.apple.product-type.application";
		};
		5B5FD8852CFF023700931633 /* MetalBitonicTests */ = {
			isa = PBXNativeTarget;
			buildConfigurationList = 5B5FD89E2CFF023700931633 /* Build configuration list for PBXNativeTarget "MetalBitonicTests" */;
			buildPhases = (
				5B5FD8822CFF023700931633 /* Sources */,
				5B5FD8832CFF023700931633 /* Frameworks */,
				5B5FD8842CFF023700931633 /* Resources */,
			);
			buildRules = (
			);
			dependencies = (
				5B5FD8882CFF023700931633 /* PBXTargetDependency */,
			);
			fileSystemSynchronizedGroups = (
				5B5FD8892CFF023700931633 /* MetalBitonicTests */,
			);
			name = MetalBitonicTests;
			packageProductDependencies = (
			);
			productName = MetalBitonicTests;
			productReference = 5B5FD8862CFF023700931633 /* MetalBitonicTests.xctest */;
			productType = "com.apple.product-type.bundle.unit-test";
		};
		5B5FD88F2CFF023700931633 /* MetalBitonicUITests */ = {
			isa = PBXNativeTarget;
			buildConfigurationList = 5B5FD8A12CFF023700931633 /* Build configuration list for PBXNativeTarget "MetalBitonicUITests" */;
			buildPhases = (
				5B5FD88C2CFF023700931633 /* Sources */,
				5B5FD88D2CFF023700931633 /* Frameworks */,
				5B5FD88E2CFF023700931633 /* Resources */,
			);
			buildRules = (
			);
			dependencies = (
				5B5FD8922CFF023700931633 /* PBXTargetDependency */,
			);
			fileSystemSynchronizedGroups = (
				5B5FD8932CFF023700931633 /* MetalBitonicUITests */,
			);
			name = MetalBitonicUITests;
			packageProductDependencies = (
			);
			productName = MetalBitonicUITests;
			productReference = 5B5FD8902CFF023700931633 /* MetalBitonicUITests.xctest */;
			productType = "com.apple.product-type.bundle.ui-testing";
		};
/* End PBXNativeTarget section */

/* Begin PBXProject section */
		5B5FD8682CFF023400931633 /* Project object */ = {
			isa = PBXProject;
			attributes = {
				BuildIndependentTargetsInParallel = 1;
				LastSwiftUpdateCheck = 1600;
				LastUpgradeCheck = 1600;
				TargetAttributes = {
					5B5FD86F2CFF023400931633 = {
						CreatedOnToolsVersion = 16.0;
					};
					5B5FD8852CFF023700931633 = {
						CreatedOnToolsVersion = 16.0;
						TestTargetID = 5B5FD86F2CFF023400931633;
					};
					5B5FD88F2CFF023700931633 = {
						CreatedOnToolsVersion = 16.0;
						TestTargetID = 5B5FD86F2CFF023400931633;
					};
				};
			};
			buildConfigurationList = 5B5FD86B2CFF023400931633 /* Build configuration list for PBXProject "MetalBitonic" */;
			developmentRegion = en;
			hasScannedForEncodings = 0;
			knownRegions = (
				en,
				Base,
			);
			mainGroup = 5B5FD8672CFF023400931633;
			minimizedProjectReferenceProxies = 1;
			preferredProjectObjectVersion = 77;
			productRefGroup = 5B5FD8712CFF023400931633 /* Products */;
			projectDirPath = "";
			projectRoot = "";
			targets = (
				5B5FD86F2CFF023400931633 /* MetalBitonic */,
				5B5FD8852CFF023700931633 /* MetalBitonicTests */,
				5B5FD88F2CFF023700931633 /* MetalBitonicUITests */,
			);
		};
/* End PBXProject section */

/* Begin PBXResourcesBuildPhase section */
		5B5FD86E2CFF023400931633 /* Resources */ = {
			isa = PBXResourcesBuildPhase;
			buildActionMask = 2147483647;
			files = (
			);
			runOnlyForDeploymentPostprocessing = 0;
		};
		5B5FD8842CFF023700931633 /* Resources */ = {
			isa = PBXResourcesBuildPhase;
			buildActionMask = 2147483647;
			files = (
			);
			runOnlyForDeploymentPostprocessing = 0;
		};
		5B5FD88E2CFF023700931633 /* Resources */ = {
			isa = PBXResourcesBuildPhase;
			buildActionMask = 2147483647;
			files = (
			);
			runOnlyForDeploymentPostprocessing = 0;
		};
/* End PBXResourcesBuildPhase section */

/* Begin PBXSourcesBuildPhase section */
		5B5FD86C2CFF023400931633 /* Sources */ = {
			isa = PBXSourcesBuildPhase;
			buildActionMask = 2147483647;
			files = (
			);
			runOnlyForDeploymentPostprocessing = 0;
		};
		5B5FD8822CFF023700931633 /* Sources */ = {
			isa = PBXSourcesBuildPhase;
			buildActionMask = 2147483647;
			files = (
			);
			runOnlyForDeploymentPostprocessing = 0;
		};
		5B5FD88C2CFF023700931633 /* Sources */ = {
			isa = PBXSourcesBuildPhase;
			buildActionMask = 2147483647;
			files = (
			);
			runOnlyForDeploymentPostprocessing = 0;
		};
/* End PBXSourcesBuildPhase section */

/* Begin PBXTargetDependency section */
		5B5FD8882CFF023700931633 /* PBXTargetDependency */ = {
			isa = PBXTargetDependency;
			target = 5B5FD86F2CFF023400931633 /* MetalBitonic */;
			targetProxy = 5B5FD8872CFF023700931633 /* PBXContainerItemProxy */;
		};
		5B5FD8922CFF023700931633 /* PBXTargetDependency */ = {
			isa = PBXTargetDependency;
			target = 5B5FD86F2CFF023400931633 /* MetalBitonic */;
			targetProxy = 5B5FD8912CFF023700931633 /* PBXContainerItemProxy */;
		};
/* End PBXTargetDependency section */

/* Begin XCBuildConfiguration section */
		5B5FD89A2CFF023700931633 /* Debug */ = {
			isa = XCBuildConfiguration;
			buildSettings = {
				ASSETCATALOG_COMPILER_APPICON_NAME = AppIcon;
				ASSETCATALOG_COMPILER_GLOBAL_ACCENT_COLOR_NAME = AccentColor;
				CODE_SIGN_STYLE = Automatic;
				CURRENT_PROJECT_VERSION = 1;
				DEVELOPMENT_TEAM = 7R2DLVK5G3;
				GENERATE_INFOPLIST_FILE = YES;
				INFOPLIST_FILE = MetalBitonic/Info.plist;
				INFOPLIST_KEY_UIApplicationSupportsIndirectInputEvents = YES;
				INFOPLIST_KEY_UILaunchStoryboardName = LaunchScreen;
				INFOPLIST_KEY_UIMainStoryboardFile = Main;
				INFOPLIST_KEY_UISupportedInterfaceOrientations_iPad = "UIInterfaceOrientationPortrait UIInterfaceOrientationPortraitUpsideDown UIInterfaceOrientationLandscapeLeft UIInterfaceOrientationLandscapeRight";
				INFOPLIST_KEY_UISupportedInterfaceOrientations_iPhone = "UIInterfaceOrientationPortrait UIInterfaceOrientationLandscapeLeft UIInterfaceOrientationLandscapeRight";
				IPHONEOS_DEPLOYMENT_TARGET = 15.0;
				LD_RUNPATH_SEARCH_PATHS = (
					"$(inherited)",
					"@executable_path/Frameworks",
				);
				MARKETING_VERSION = 1.0;
				PRODUCT_BUNDLE_IDENTIFIER = io.xtravision.MetalBitonic;
				PRODUCT_NAME = "$(TARGET_NAME)";
				SWIFT_EMIT_LOC_STRINGS = YES;
				SWIFT_VERSION = 5.0;
				TARGETED_DEVICE_FAMILY = "1,2";
			};
			name = Debug;
		};
		5B5FD89B2CFF023700931633 /* Release */ = {
			isa = XCBuildConfiguration;
			buildSettings = {
				ASSETCATALOG_COMPILER_APPICON_NAME = AppIcon;
				ASSETCATALOG_COMPILER_GLOBAL_ACCENT_COLOR_NAME = AccentColor;
				CODE_SIGN_STYLE = Automatic;
				CURRENT_PROJECT_VERSION = 1;
				DEVELOPMENT_TEAM = 7R2DLVK5G3;
				GENERATE_INFOPLIST_FILE = YES;
				INFOPLIST_FILE = MetalBitonic/Info.plist;
				INFOPLIST_KEY_UIApplicationSupportsIndirectInputEvents = YES;
				INFOPLIST_KEY_UILaunchStoryboardName = LaunchScreen;
				INFOPLIST_KEY_UIMainStoryboardFile = Main;
				INFOPLIST_KEY_UISupportedInterfaceOrientations_iPad = "UIInterfaceOrientationPortrait UIInterfaceOrientationPortraitUpsideDown UIInterfaceOrientationLandscapeLeft UIInterfaceOrientationLandscapeRight";
				INFOPLIST_KEY_UISupportedInterfaceOrientations_iPhone = "UIInterfaceOrientationPortrait UIInterfaceOrientationLandscapeLeft UIInterfaceOrientationLandscapeRight";
				IPHONEOS_DEPLOYMENT_TARGET = 15.0;
				LD_RUNPATH_SEARCH_PATHS = (
					"$(inherited)",
					"@executable_path/Frameworks",
				);
				MARKETING_VERSION = 1.0;
				PRODUCT_BUNDLE_IDENTIFIER = io.xtravision.MetalBitonic;
				PRODUCT_NAME = "$(TARGET_NAME)";
				SWIFT_EMIT_LOC_STRINGS = YES;
				SWIFT_VERSION = 5.0;
				TARGETED_DEVICE_FAMILY = "1,2";
			};
			name = Release;
		};
		5B5FD89C2CFF023700931633 /* Debug */ = {
			isa = XCBuildConfiguration;
			buildSettings = {
				ALWAYS_SEARCH_USER_PATHS = NO;
				ASSETCATALOG_COMPILER_GENERATE_SWIFT_ASSET_SYMBOL_EXTENSIONS = YES;
				CLANG_ANALYZER_NONNULL = YES;
				CLANG_ANALYZER_NUMBER_OBJECT_CONVERSION = YES_AGGRESSIVE;
				CLANG_CXX_LANGUAGE_STANDARD = "gnu++20";
				CLANG_ENABLE_MODULES = YES;
				CLANG_ENABLE_OBJC_ARC = YES;
				CLANG_ENABLE_OBJC_WEAK = YES;
				CLANG_WARN_BLOCK_CAPTURE_AUTORELEASING = YES;
				CLANG_WARN_BOOL_CONVERSION = YES;
				CLANG_WARN_COMMA = YES;
				CLANG_WARN_CONSTANT_CONVERSION = YES;
				CLANG_WARN_DEPRECATED_OBJC_IMPLEMENTATIONS = YES;
				CLANG_WARN_DIRECT_OBJC_ISA_USAGE = YES_ERROR;
				CLANG_WARN_DOCUMENTATION_COMMENTS = YES;
				CLANG_WARN_EMPTY_BODY = YES;
				CLANG_WARN_ENUM_CONVERSION = YES;
				CLANG_WARN_INFINITE_RECURSION = YES;
				CLANG_WARN_INT_CONVERSION = YES;
				CLANG_WARN_NON_LITERAL_NULL_CONVERSION = YES;
				CLANG_WARN_OBJC_IMPLICIT_RETAIN_SELF = YES;
				CLANG_WARN_OBJC_LITERAL_CONVERSION = YES;
				CLANG_WARN_OBJC_ROOT_CLASS = YES_ERROR;
				CLANG_WARN_QUOTED_INCLUDE_IN_FRAMEWORK_HEADER = YES;
				CLANG_WARN_RANGE_LOOP_ANALYSIS = YES;
				CLANG_WARN_STRICT_PROTOTYPES = YES;
				CLANG_WARN_SUSPICIOUS_MOVE = YES;
				CLANG_WARN_UNGUARDED_AVAILABILITY = YES_AGGRESSIVE;
				CLANG_WARN_UNREACHABLE_CODE = YES;
				CLANG_WARN__DUPLICATE_METHOD_MATCH = YES;
				COPY_PHASE_STRIP = NO;
				DEBUG_INFORMATION_FORMAT = dwarf;
				ENABLE_STRICT_OBJC_MSGSEND = YES;
				ENABLE_TESTABILITY = YES;
				ENABLE_USER_SCRIPT_SANDBOXING = YES;
				GCC_C_LANGUAGE_STANDARD = gnu17;
				GCC_DYNAMIC_NO_PIC = NO;
				GCC_NO_COMMON_BLOCKS = YES;
				GCC_OPTIMIZATION_LEVEL = 0;
				GCC_PREPROCESSOR_DEFINITIONS = (
					"DEBUG=1",
					"$(inherited)",
				);
				GCC_WARN_64_TO_32_BIT_CONVERSION = YES;
				GCC_WARN_ABOUT_RETURN_TYPE = YES_ERROR;
				GCC_WARN_UNDECLARED_SELECTOR = YES;
				GCC_WARN_UNINITIALIZED_AUTOS = YES_AGGRESSIVE;
				GCC_WARN_UNUSED_FUNCTION = YES;
				GCC_WARN_UNUSED_VARIABLE = YES;
				IPHONEOS_DEPLOYMENT_TARGET = 18.0;
				LOCALIZATION_PREFERS_STRING_CATALOGS = YES;
				MTL_ENABLE_DEBUG_INFO = INCLUDE_SOURCE;
				MTL_FAST_MATH = YES;
				ONLY_ACTIVE_ARCH = YES;
				SDKROOT = iphoneos;
				SWIFT_ACTIVE_COMPILATION_CONDITIONS = "DEBUG $(inherited)";
				SWIFT_OBJC_BRIDGING_HEADER = "MetalBitonic/MetalBitonic-Bridging-Header.h";
				SWIFT_OPTIMIZATION_LEVEL = "-Onone";
			};
			name = Debug;
		};
		5B5FD89D2CFF023700931633 /* Release */ = {
			isa = XCBuildConfiguration;
			buildSettings = {
				ALWAYS_SEARCH_USER_PATHS = NO;
				ASSETCATALOG_COMPILER_GENERATE_SWIFT_ASSET_SYMBOL_EXTENSIONS = YES;
				CLANG_ANALYZER_NONNULL = YES;
				CLANG_ANALYZER_NUMBER_OBJECT_CONVERSION = YES_AGGRESSIVE;
				CLANG_CXX_LANGUAGE_STANDARD = "gnu++20";
				CLANG_ENABLE_MODULES = YES;
				CLANG_ENABLE_OBJC_ARC = YES;
				CLANG_ENABLE_OBJC_WEAK = YES;
				CLANG_WARN_BLOCK_CAPTURE_AUTORELEASING = YES;
				CLANG_WARN_BOOL_CONVERSION = YES;
				CLANG_WARN_COMMA = YES;
				CLANG_WARN_CONSTANT_CONVERSION = YES;
				CLANG_WARN_DEPRECATED_OBJC_IMPLEMENTATIONS = YES;
				CLANG_WARN_DIRECT_OBJC_ISA_USAGE = YES_ERROR;
				CLANG_WARN_DOCUMENTATION_COMMENTS = YES;
				CLANG_WARN_EMPTY_BODY = YES;
				CLANG_WARN_ENUM_CONVERSION = YES;
				CLANG_WARN_INFINITE_RECURSION = YES;
				CLANG_WARN_INT_CONVERSION = YES;
				CLANG_WARN_NON_LITERAL_NULL_CONVERSION = YES;
				CLANG_WARN_OBJC_IMPLICIT_RETAIN_SELF = YES;
				CLANG_WARN_OBJC_LITERAL_CONVERSION = YES;
				CLANG_WARN_OBJC_ROOT_CLASS = YES_ERROR;
				CLANG_WARN_QUOTED_INCLUDE_IN_FRAMEWORK_HEADER = YES;
				CLANG_WARN_RANGE_LOOP_ANALYSIS = YES;
				CLANG_WARN_STRICT_PROTOTYPES = YES;
				CLANG_WARN_SUSPICIOUS_MOVE = YES;
				CLANG_WARN_UNGUARDED_AVAILABILITY = YES_AGGRESSIVE;
				CLANG_WARN_UNREACHABLE_CODE = YES;
				CLANG_WARN__DUPLICATE_METHOD_MATCH = YES;
				COPY_PHASE_STRIP = NO;
				DEBUG_INFORMATION_FORMAT = "dwarf-with-dsym";
				ENABLE_NS_ASSERTIONS = NO;
				ENABLE_STRICT_OBJC_MSGSEND = YES;
				ENABLE_USER_SCRIPT_SANDBOXING = YES;
				GCC_C_LANGUAGE_STANDARD = gnu17;
				GCC_NO_COMMON_BLOCKS = YES;
				GCC_WARN_64_TO_32_BIT_CONVERSION = YES;
				GCC_WARN_ABOUT_RETURN_TYPE = YES_ERROR;
				GCC_WARN_UNDECLARED_SELECTOR = YES;
				GCC_WARN_UNINITIALIZED_AUTOS = YES_AGGRESSIVE;
				GCC_WARN_UNUSED_FUNCTION = YES;
				GCC_WARN_UNUSED_VARIABLE = YES;
				IPHONEOS_DEPLOYMENT_TARGET = 18.0;
				LOCALIZATION_PREFERS_STRING_CATALOGS = YES;
				MTL_ENABLE_DEBUG_INFO = NO;
				MTL_FAST_MATH = YES;
				SDKROOT = iphoneos;
				SWIFT_COMPILATION_MODE = wholemodule;
				SWIFT_OBJC_BRIDGING_HEADER = "MetalBitonic/MetalBitonic-Bridging-Header.h";
				VALIDATE_PRODUCT = YES;
			};
			name = Release;
		};
		5B5FD89F2CFF023700931633 /* Debug */ = {
			isa = XCBuildConfiguration;
			buildSettings = {
				BUNDLE_LOADER = "$(TEST_HOST)";
				CODE_SIGN_STYLE = Automatic;
				CURRENT_PROJECT_VERSION = 1;
				DEVELOPMENT_TEAM = 7R2DLVK5G3;
				GENERATE_INFOPLIST_FILE = YES;
				IPHONEOS_DEPLOYMENT_TARGET = 18.0;
				MARKETING_VERSION = 1.0;
				PRODUCT_BUNDLE_IDENTIFIER = io.xtravision.MetalBitonicTests;
				PRODUCT_NAME = "$(TARGET_NAME)";
				SWIFT_EMIT_LOC_STRINGS = NO;
				SWIFT_VERSION = 5.0;
				TARGETED_DEVICE_FAMILY = "1,2";
				TEST_HOST = "$(BUILT_PRODUCTS_DIR)/MetalBitonic.app/$(BUNDLE_EXECUTABLE_FOLDER_PATH)/MetalBitonic";
			};
			name = Debug;
		};
		5B5FD8A02CFF023700931633 /* Release */ = {
			isa = XCBuildConfiguration;
			buildSettings = {
				BUNDLE_LOADER = "$(TEST_HOST)";
				CODE_SIGN_STYLE = Automatic;
				CURRENT_PROJECT_VERSION = 1;
				DEVELOPMENT_TEAM = 7R2DLVK5G3;
				GENERATE_INFOPLIST_FILE = YES;
				IPHONEOS_DEPLOYMENT_TARGET = 18.0;
				MARKETING_VERSION = 1.0;
				PRODUCT_BUNDLE_IDENTIFIER = io.xtravision.MetalBitonicTests;
				PRODUCT_NAME = "$(TARGET_NAME)";
				SWIFT_EMIT_LOC_STRINGS = NO;
				SWIFT_VERSION = 5.0;
				TARGETED_DEVICE_FAMILY = "1,2";
				TEST_HOST = "$(BUILT_PRODUCTS_DIR)/MetalBitonic.app/$(BUNDLE_EXECUTABLE_FOLDER_PATH)/MetalBitonic";
			};
			name = Release;
		};
		5B5FD8A22CFF023700931633 /* Debug */ = {
			isa = XCBuildConfiguration;
			buildSettings = {
				CODE_SIGN_STYLE = Automatic;
				CURRENT_PROJECT_VERSION = 1;
				DEVELOPMENT_TEAM = 7R2DLVK5G3;
				GENERATE_INFOPLIST_FILE = YES;
				MARKETING_VERSION = 1.0;
				PRODUCT_BUNDLE_IDENTIFIER = io.xtravision.MetalBitonicUITests;
				PRODUCT_NAME = "$(TARGET_NAME)";
				SWIFT_EMIT_LOC_STRINGS = NO;
				SWIFT_VERSION = 5.0;
				TARGETED_DEVICE_FAMILY = "1,2";
				TEST_TARGET_NAME = MetalBitonic;
			};
			name = Debug;
		};
		5B5FD8A32CFF023700931633 /* Release */ = {
			isa = XCBuildConfiguration;
			buildSettings = {
				CODE_SIGN_STYLE = Automatic;
				CURRENT_PROJECT_VERSION = 1;
				DEVELOPMENT_TEAM = 7R2DLVK5G3;
				GENERATE_INFOPLIST_FILE = YES;
				MARKETING_VERSION = 1.0;
				PRODUCT_BUNDLE_IDENTIFIER = io.xtravision.MetalBitonicUITests;
				PRODUCT_NAME = "$(TARGET_NAME)";
				SWIFT_EMIT_LOC_STRINGS = NO;
				SWIFT_VERSION = 5.0;
				TARGETED_DEVICE_FAMILY = "1,2";
				TEST_TARGET_NAME = MetalBitonic;
			};
			name = Release;
		};
/* End XCBuildConfiguration section */

/* Begin XCConfigurationList section */
		5B5FD86B2CFF023400931633 /* Build configuration list for PBXProject "MetalBitonic" */ = {
			isa = XCConfigurationList;
			buildConfigurations = (
				5B5FD89C2CFF023700931633 /* Debug */,
				5B5FD89D2CFF023700931633 /* Release */,
			);
			defaultConfigurationIsVisible = 0;
			defaultConfigurationName = Release;
		};
		5B5FD8992CFF023700931633 /* Build configuration list for PBXNativeTarget "MetalBitonic" */ = {
			isa = XCConfigurationList;
			buildConfigurations = (
				5B5FD89A2CFF023700931633 /* Debug */,
				5B5FD89B2CFF023700931633 /* Release */,
			);
			defaultConfigurationIsVisible = 0;
			defaultConfigurationName = Release;
		};
		5B5FD89E2CFF023700931633 /* Build configuration list for PBXNativeTarget "MetalBitonicTests" */ = {
			isa = XCConfigurationList;
			buildConfigurations = (
				5B5FD89F2CFF023700931633 /* Debug */,
				5B5FD8A02CFF023700931633 /* Release */,
			);
			defaultConfigurationIsVisible = 0;
			defaultConfigurationName = Release;
		};
		5B5FD8A12CFF023700931633 /* Build configuration list for PBXNativeTarget "MetalBitonicUITests" */ = {
			isa = XCConfigurationList;
			buildConfigurations = (
				5B5FD8A22CFF023700931633 /* Debug */,
				5B5FD8A32CFF023700931633 /* Release */,
			);
			defaultConfigurationIsVisible = 0;
			defaultConfigurationName = Release;
		};
/* End XCConfigurationList section */
	};
	rootObject = 5B5FD8682CFF023400931633 /* Project object */;
}
